
Microsoft Visual Studio Solution File, Format Version 12.00
# Visual Studio Version 16
VisualStudioVersion = 16.0.31613.86
MinimumVisualStudioVersion = 10.0.40219.1
Project("{FAE04EC0-301F-11D3-BF4B-00C04F79EFBC}") = "RandomFileGenerator", "RandomFileGenerator\RandomFileGenerator.csproj", "{D83414F2-31D6-40C9-990D-EBD1C1BCDB92}"
EndProject
Global
	GlobalSection(SolutionConfigurationPlatforms) = preSolution
		Debug|Any CPU = Debug|Any CPU
		Release|Any CPU = Release|Any CPU
	EndGlobalSection
	GlobalSection(ProjectConfigurationPlatforms) = postSolution
		{D83414F2-31D6-40C9-990D-EBD1C1BCDB92}.Debug|Any CPU.ActiveCfg = Debug|Any CPU
		{D83414F2-31D6-40C9-990D-EBD1C1BCDB92}.Debug|Any CPU.Build.0 = Debug|Any CPU
		{D83414F2-31D6-40C9-990D-EBD1C1BCDB92}.Release|Any CPU.ActiveCfg = Release|Any CPU
		{D83414F2-31D6-40C9-990D-EBD1C1BCDB92}.Release|Any CPU.Build.0 = Release|Any CPU
	EndGlobalSection
	GlobalSection(SolutionProperties) = preSolution
		HideSolutionNode = FALSE
	EndGlobalSection
	GlobalSection(ExtensibilityGlobals) = postSolution
		SolutionGuid = {B86A79AE-386A-4756-A455-754805EA7B53}
	EndGlobalSection
EndGlobal
