
Microsoft Visual Studio Solution File, Format Version 12.00
# Visual Studio 15
VisualStudioVersion = 15.0.26730.12
MinimumVisualStudioVersion = 10.0.40219.1
Project("{FAE04EC0-301F-11D3-BF4B-00C04F79EFBC}") = "AreaCalculator", "AreaCalculator\AreaCalculator.csproj", "{994E5012-D74B-4DB2-89B8-4DDB8BB14E1C}"
EndProject
Project("{FAE04EC0-301F-11D3-BF4B-00C04F79EFBC}") = "Calculation", "Calculation\Calculation.csproj", "{FBBC9F16-1B30-4697-B7E4-200144953206}"
EndProject
Project("{FAE04EC0-301F-11D3-BF4B-00C04F79EFBC}") = "UnitTest", "UnitTest\UnitTest.csproj", "{AB2B5193-AEF7-4440-B957-A9E6A6490290}"
EndProject
Global
	GlobalSection(SolutionConfigurationPlatforms) = preSolution
		Debug|Any CPU = Debug|Any CPU
		Release|Any CPU = Release|Any CPU
	EndGlobalSection
	GlobalSection(ProjectConfigurationPlatforms) = postSolution
		{994E5012-D74B-4DB2-89B8-4DDB8BB14E1C}.Debug|Any CPU.ActiveCfg = Debug|Any CPU
		{994E5012-D74B-4DB2-89B8-4DDB8BB14E1C}.Debug|Any CPU.Build.0 = Debug|Any CPU
		{994E5012-D74B-4DB2-89B8-4DDB8BB14E1C}.Release|Any CPU.ActiveCfg = Release|Any CPU
		{994E5012-D74B-4DB2-89B8-4DDB8BB14E1C}.Release|Any CPU.Build.0 = Release|Any CPU
		{FBBC9F16-1B30-4697-B7E4-200144953206}.Debug|Any CPU.ActiveCfg = Debug|Any CPU
		{FBBC9F16-1B30-4697-B7E4-200144953206}.Debug|Any CPU.Build.0 = Debug|Any CPU
		{FBBC9F16-1B30-4697-B7E4-200144953206}.Release|Any CPU.ActiveCfg = Release|Any CPU
		{FBBC9F16-1B30-4697-B7E4-200144953206}.Release|Any CPU.Build.0 = Release|Any CPU
		{AB2B5193-AEF7-4440-B957-A9E6A6490290}.Debug|Any CPU.ActiveCfg = Debug|Any CPU
		{AB2B5193-AEF7-4440-B957-A9E6A6490290}.Debug|Any CPU.Build.0 = Debug|Any CPU
		{AB2B5193-AEF7-4440-B957-A9E6A6490290}.Release|Any CPU.ActiveCfg = Release|Any CPU
		{AB2B5193-AEF7-4440-B957-A9E6A6490290}.Release|Any CPU.Build.0 = Release|Any CPU
	EndGlobalSection
	GlobalSection(SolutionProperties) = preSolution
		HideSolutionNode = FALSE
	EndGlobalSection
	GlobalSection(ExtensibilityGlobals) = postSolution
		SolutionGuid = {A2FDA410-E636-47BA-89E9-5D07298B8446}
	EndGlobalSection
EndGlobal
